
Microsoft Visual Studio Solution File, Format Version 12.00
# Visual Studio Version 17
VisualStudioVersion = 17.5.002.0
MinimumVisualStudioVersion = 10.0.40219.1
Project("{9A19103F-16F7-4668-BE54-9A1E7A4F7556}") = "MvcExample", "MvcExample.csproj", "{C57460B6-F638-403F-B2ED-D7ADB351D4AF}"
EndProject
Global
	GlobalSection(SolutionConfigurationPlatforms) = preSolution
		Debug|Any CPU = Debug|Any CPU
		Release|Any CPU = Release|Any CPU
	EndGlobalSection
	GlobalSection(ProjectConfigurationPlatforms) = postSolution
		{C57460B6-F638-403F-B2ED-D7ADB351D4AF}.Debug|Any CPU.ActiveCfg = Debug|Any CPU
		{C57460B6-F638-403F-B2ED-D7ADB351D4AF}.Debug|Any CPU.Build.0 = Debug|Any CPU
		{C57460B6-F638-403F-B2ED-D7ADB351D4AF}.Release|Any CPU.ActiveCfg = Release|Any CPU
		{C57460B6-F638-403F-B2ED-D7ADB351D4AF}.Release|Any CPU.Build.0 = Release|Any CPU
	EndGlobalSection
	GlobalSection(SolutionProperties) = preSolution
		HideSolutionNode = FALSE
	EndGlobalSection
	GlobalSection(ExtensibilityGlobals) = postSolution
		SolutionGuid = {32834AF7-9189-468C-A18B-A237F8490B11}
	EndGlobalSection
EndGlobal
